
Microsoft Visual Studio Solution File, Format Version 12.00
# Visual Studio 15
VisualStudioVersion = 15.0.28307.1340
MinimumVisualStudioVersion = 10.0.40219.1
Project("{FAE04EC0-301F-11D3-BF4B-00C04F79EFBC}") = "ConsoleApp1", "ConsoleApp1\ConsoleApp1.csproj", "{5E116E6E-52AE-4C90-81C0-4EB2925D9ABC}"
EndProject
Global
	GlobalSection(SolutionConfigurationPlatforms) = preSolution
		Debug|Any CPU = Debug|Any CPU
		Release|Any CPU = Release|Any CPU
	EndGlobalSection
	GlobalSection(ProjectConfigurationPlatforms) = postSolution
		{5E116E6E-52AE-4C90-81C0-4EB2925D9ABC}.Debug|Any CPU.ActiveCfg = Debug|Any CPU
		{5E116E6E-52AE-4C90-81C0-4EB2925D9ABC}.Debug|Any CPU.Build.0 = Debug|Any CPU
		{5E116E6E-52AE-4C90-81C0-4EB2925D9ABC}.Release|Any CPU.ActiveCfg = Release|Any CPU
		{5E116E6E-52AE-4C90-81C0-4EB2925D9ABC}.Release|Any CPU.Build.0 = Release|Any CPU
	EndGlobalSection
	GlobalSection(SolutionProperties) = preSolution
		HideSolutionNode = FALSE
	EndGlobalSection
	GlobalSection(ExtensibilityGlobals) = postSolution
		SolutionGuid = {79165A11-B69C-4263-A727-AAFA87BAFE86}
	EndGlobalSection
EndGlobal
